
Microsoft Visual Studio Solution File, Format Version 12.00
# Visual Studio Version 17
VisualStudioVersion = 17.0.31903.59
MinimumVisualStudioVersion = 10.0.40219.1
Project("{FAE04EC0-301F-11D3-BF4B-00C04F79EFBC}") = "TcpServer", "TcpServer\TcpServer.csproj", "{64E4CDA4-A9E8-4792-BFF8-3B980A83AE77}"
EndProject
Project("{FAE04EC0-301F-11D3-BF4B-00C04F79EFBC}") = "TcpClient", "TcpClient\TcpClient.csproj", "{627D0688-A861-45EF-A496-4337A93DC58C}"
EndProject
Global
	GlobalSection(SolutionConfigurationPlatforms) = preSolution
		Debug|Any CPU = Debug|Any CPU
		Debug|x64 = Debug|x64
		Debug|x86 = Debug|x86
		Release|Any CPU = Release|Any CPU
		Release|x64 = Release|x64
		Release|x86 = Release|x86
	EndGlobalSection
	GlobalSection(ProjectConfigurationPlatforms) = postSolution
		{64E4CDA4-A9E8-4792-BFF8-3B980A83AE77}.Debug|Any CPU.ActiveCfg = Debug|Any CPU
		{64E4CDA4-A9E8-4792-BFF8-3B980A83AE77}.Debug|Any CPU.Build.0 = Debug|Any CPU
		{64E4CDA4-A9E8-4792-BFF8-3B980A83AE77}.Debug|x64.ActiveCfg = Debug|Any CPU
		{64E4CDA4-A9E8-4792-BFF8-3B980A83AE77}.Debug|x64.Build.0 = Debug|Any CPU
		{64E4CDA4-A9E8-4792-BFF8-3B980A83AE77}.Debug|x86.ActiveCfg = Debug|Any CPU
		{64E4CDA4-A9E8-4792-BFF8-3B980A83AE77}.Debug|x86.Build.0 = Debug|Any CPU
		{64E4CDA4-A9E8-4792-BFF8-3B980A83AE77}.Release|Any CPU.ActiveCfg = Release|Any CPU
		{64E4CDA4-A9E8-4792-BFF8-3B980A83AE77}.Release|Any CPU.Build.0 = Release|Any CPU
		{64E4CDA4-A9E8-4792-BFF8-3B980A83AE77}.Release|x64.ActiveCfg = Release|Any CPU
		{64E4CDA4-A9E8-4792-BFF8-3B980A83AE77}.Release|x64.Build.0 = Release|Any CPU
		{64E4CDA4-A9E8-4792-BFF8-3B980A83AE77}.Release|x86.ActiveCfg = Release|Any CPU
		{64E4CDA4-A9E8-4792-BFF8-3B980A83AE77}.Release|x86.Build.0 = Release|Any CPU
		{627D0688-A861-45EF-A496-4337A93DC58C}.Debug|Any CPU.ActiveCfg = Debug|Any CPU
		{627D0688-A861-45EF-A496-4337A93DC58C}.Debug|Any CPU.Build.0 = Debug|Any CPU
		{627D0688-A861-45EF-A496-4337A93DC58C}.Debug|x64.ActiveCfg = Debug|Any CPU
		{627D0688-A861-45EF-A496-4337A93DC58C}.Debug|x64.Build.0 = Debug|Any CPU
		{627D0688-A861-45EF-A496-4337A93DC58C}.Debug|x86.ActiveCfg = Debug|Any CPU
		{627D0688-A861-45EF-A496-4337A93DC58C}.Debug|x86.Build.0 = Debug|Any CPU
		{627D0688-A861-45EF-A496-4337A93DC58C}.Release|Any CPU.ActiveCfg = Release|Any CPU
		{627D0688-A861-45EF-A496-4337A93DC58C}.Release|Any CPU.Build.0 = Release|Any CPU
		{627D0688-A861-45EF-A496-4337A93DC58C}.Release|x64.ActiveCfg = Release|Any CPU
		{627D0688-A861-45EF-A496-4337A93DC58C}.Release|x64.Build.0 = Release|Any CPU
		{627D0688-A861-45EF-A496-4337A93DC58C}.Release|x86.ActiveCfg = Release|Any CPU
		{627D0688-A861-45EF-A496-4337A93DC58C}.Release|x86.Build.0 = Release|Any CPU
	EndGlobalSection
	GlobalSection(SolutionProperties) = preSolution
		HideSolutionNode = FALSE
	EndGlobalSection
EndGlobal
